
Microsoft Visual Studio Solution File, Format Version 12.00
# Visual Studio Version 16
VisualStudioVersion = 16.0.32929.386
MinimumVisualStudioVersion = 10.0.40219.1
Project("{9A19103F-16F7-4668-BE54-9A1E7A4F7556}") = "Homework1_2", "Homework1_2\Homework1_2.csproj", "{0F8F2C51-479D-48B7-8D36-AD5825FDE7D0}"
EndProject
Project("{FAE04EC0-301F-11D3-BF4B-00C04F79EFBC}") = "Homework1_3", "Homework1_3\Homework1_3.csproj", "{5D24B8A5-06E8-4ADF-9CF1-4F1D4D38D06A}"
EndProject
Project("{FAE04EC0-301F-11D3-BF4B-00C04F79EFBC}") = "Homework1_4", "Homework1_4\Homework1_4.csproj", "{4BB313D3-9882-4441-90AD-06DC1A4EFEB4}"
EndProject
Project("{FAE04EC0-301F-11D3-BF4B-00C04F79EFBC}") = "Homework1_6", "Homework1_6\Homework1_6.csproj", "{E2582793-04C4-40C3-B111-F5781D7DD3D2}"
EndProject
Global
	GlobalSection(SolutionConfigurationPlatforms) = preSolution
		Debug|Any CPU = Debug|Any CPU
		Release|Any CPU = Release|Any CPU
	EndGlobalSection
	GlobalSection(ProjectConfigurationPlatforms) = postSolution
		{0F8F2C51-479D-48B7-8D36-AD5825FDE7D0}.Debug|Any CPU.ActiveCfg = Debug|Any CPU
		{0F8F2C51-479D-48B7-8D36-AD5825FDE7D0}.Debug|Any CPU.Build.0 = Debug|Any CPU
		{0F8F2C51-479D-48B7-8D36-AD5825FDE7D0}.Release|Any CPU.ActiveCfg = Release|Any CPU
		{0F8F2C51-479D-48B7-8D36-AD5825FDE7D0}.Release|Any CPU.Build.0 = Release|Any CPU
		{5D24B8A5-06E8-4ADF-9CF1-4F1D4D38D06A}.Debug|Any CPU.ActiveCfg = Debug|Any CPU
		{5D24B8A5-06E8-4ADF-9CF1-4F1D4D38D06A}.Debug|Any CPU.Build.0 = Debug|Any CPU
		{5D24B8A5-06E8-4ADF-9CF1-4F1D4D38D06A}.Release|Any CPU.ActiveCfg = Release|Any CPU
		{5D24B8A5-06E8-4ADF-9CF1-4F1D4D38D06A}.Release|Any CPU.Build.0 = Release|Any CPU
		{4BB313D3-9882-4441-90AD-06DC1A4EFEB4}.Debug|Any CPU.ActiveCfg = Debug|Any CPU
		{4BB313D3-9882-4441-90AD-06DC1A4EFEB4}.Debug|Any CPU.Build.0 = Debug|Any CPU
		{4BB313D3-9882-4441-90AD-06DC1A4EFEB4}.Release|Any CPU.ActiveCfg = Release|Any CPU
		{4BB313D3-9882-4441-90AD-06DC1A4EFEB4}.Release|Any CPU.Build.0 = Release|Any CPU
		{E2582793-04C4-40C3-B111-F5781D7DD3D2}.Debug|Any CPU.ActiveCfg = Debug|Any CPU
		{E2582793-04C4-40C3-B111-F5781D7DD3D2}.Debug|Any CPU.Build.0 = Debug|Any CPU
		{E2582793-04C4-40C3-B111-F5781D7DD3D2}.Release|Any CPU.ActiveCfg = Release|Any CPU
		{E2582793-04C4-40C3-B111-F5781D7DD3D2}.Release|Any CPU.Build.0 = Release|Any CPU
	EndGlobalSection
	GlobalSection(SolutionProperties) = preSolution
		HideSolutionNode = FALSE
	EndGlobalSection
	GlobalSection(ExtensibilityGlobals) = postSolution
		SolutionGuid = {13FAADD1-9CEE-4530-8E72-C4C12C276540}
	EndGlobalSection
EndGlobal
